
Microsoft Visual Studio Solution File, Format Version 12.00
# Visual Studio 14
VisualStudioVersion = 14.0.25420.1
MinimumVisualStudioVersion = 10.0.40219.1
Project("{8BC9CEB8-8B4A-11D0-8D11-00A0C91BC942}") = "算法作业", "算法作业\算法作业.vcxproj", "{CC033F3B-B0D2-4C5B-BC90-1F27EA06738B}"
EndProject
Project("{8BC9CEB8-8B4A-11D0-8D11-00A0C91BC942}") = "数字三角形问题", "数字三角形问题\数字三角形问题.vcxproj", "{19380FB2-B290-462B-AEBD-C801A8B7422E}"
EndProject
Project("{8BC9CEB8-8B4A-11D0-8D11-00A0C91BC942}") = "GuessNumber", "GuessNumber\GuessNumber.vcxproj", "{2E878178-DA97-4D49-BFAC-B8CF39351C28}"
EndProject
Project("{8BC9CEB8-8B4A-11D0-8D11-00A0C91BC942}") = "矩阵连乘问题", "矩阵连乘问题\矩阵连乘问题.vcxproj", "{939C4B2C-2F17-46EB-88C2-47363C3EF193}"
EndProject
Project("{8BC9CEB8-8B4A-11D0-8D11-00A0C91BC942}") = "最长公共子序列", "最长公共子序列\最长公共子序列.vcxproj", "{8ADDD8DB-BF68-41AA-B890-2508FE77B19F}"
EndProject
Project("{8BC9CEB8-8B4A-11D0-8D11-00A0C91BC942}") = "01背包问题", "01背包问题\01背包问题.vcxproj", "{E98793FB-BA25-4231-A2CC-0045535BB592}"
EndProject
Project("{8BC9CEB8-8B4A-11D0-8D11-00A0C91BC942}") = "找零问题", "找零问题\找零问题.vcxproj", "{DF842993-18F6-4EA3-900A-7DAB4560715C}"
EndProject
Project("{8BC9CEB8-8B4A-11D0-8D11-00A0C91BC942}") = "活动选择问题", "活动选择问题\活动选择问题.vcxproj", "{F2AB4755-2E0F-4B2C-8829-1396321789B8}"
EndProject
Project("{8BC9CEB8-8B4A-11D0-8D11-00A0C91BC942}") = "最优装载问题", "最优装载问题\最优装载问题.vcxproj", "{9C91F4B2-E83A-4175-851B-D239F1D56B75}"
EndProject
Project("{8BC9CEB8-8B4A-11D0-8D11-00A0C91BC942}") = "会场安排问题", "会场安排问题\会场安排问题.vcxproj", "{0F530499-2366-4CB6-81ED-1C2F39F72ACE}"
EndProject
Project("{8BC9CEB8-8B4A-11D0-8D11-00A0C91BC942}") = "汽车加油问题", "汽车加油问题\汽车加油问题.vcxproj", "{9ACD2D15-5D39-4AEE-B153-57A672A89F9E}"
EndProject
Project("{8BC9CEB8-8B4A-11D0-8D11-00A0C91BC942}") = "多元哈夫曼编码问题", "多元哈夫曼编码问题\多元哈夫曼编码问题.vcxproj", "{FA93A48C-D40A-4241-9A41-EB3CEB9097BD}"
EndProject
Project("{8BC9CEB8-8B4A-11D0-8D11-00A0C91BC942}") = "回溯法解01背包问题", "回溯法解01背包问题\回溯法解01背包问题.vcxproj", "{566D405D-E940-4892-8F9F-EF27E75274D0}"
EndProject
Project("{8BC9CEB8-8B4A-11D0-8D11-00A0C91BC942}") = "最佳调度问题", "最佳调度问题\最佳调度问题.vcxproj", "{7F728B9B-FDA3-4E62-B131-C79272F32DEA}"
EndProject
Project("{8BC9CEB8-8B4A-11D0-8D11-00A0C91BC942}") = "分支限界解TSP问题", "分支限界解TSP问题\分支限界解TSP问题.vcxproj", "{71FD8414-CEB4-4811-9A21-F1F641A83560}"
EndProject
Project("{8BC9CEB8-8B4A-11D0-8D11-00A0C91BC942}") = "测试结构体", "测试结构体\测试结构体.vcxproj", "{82188B8C-ABF6-4971-AEFC-C3AA6AF139DB}"
EndProject
Project("{8BC9CEB8-8B4A-11D0-8D11-00A0C91BC942}") = "分支限界解旅行商问题", "分支限界解旅行商问题\分支限界解旅行商问题.vcxproj", "{B02B681F-69A4-4015-98B5-2B8AD602DB70}"
EndProject
Project("{8BC9CEB8-8B4A-11D0-8D11-00A0C91BC942}") = "GuessPoker", "GuessPoker\GuessPoker.vcxproj", "{681210E0-4853-44E2-A421-369047D42F91}"
EndProject
Global
	GlobalSection(SolutionConfigurationPlatforms) = preSolution
		Debug|x64 = Debug|x64
		Debug|x86 = Debug|x86
		Release|x64 = Release|x64
		Release|x86 = Release|x86
	EndGlobalSection
	GlobalSection(ProjectConfigurationPlatforms) = postSolution
		{CC033F3B-B0D2-4C5B-BC90-1F27EA06738B}.Debug|x64.ActiveCfg = Debug|x64
		{CC033F3B-B0D2-4C5B-BC90-1F27EA06738B}.Debug|x64.Build.0 = Debug|x64
		{CC033F3B-B0D2-4C5B-BC90-1F27EA06738B}.Debug|x86.ActiveCfg = Debug|Win32
		{CC033F3B-B0D2-4C5B-BC90-1F27EA06738B}.Debug|x86.Build.0 = Debug|Win32
		{CC033F3B-B0D2-4C5B-BC90-1F27EA06738B}.Release|x64.ActiveCfg = Release|x64
		{CC033F3B-B0D2-4C5B-BC90-1F27EA06738B}.Release|x64.Build.0 = Release|x64
		{CC033F3B-B0D2-4C5B-BC90-1F27EA06738B}.Release|x86.ActiveCfg = Release|Win32
		{CC033F3B-B0D2-4C5B-BC90-1F27EA06738B}.Release|x86.Build.0 = Release|Win32
		{19380FB2-B290-462B-AEBD-C801A8B7422E}.Debug|x64.ActiveCfg = Debug|x64
		{19380FB2-B290-462B-AEBD-C801A8B7422E}.Debug|x64.Build.0 = Debug|x64
		{19380FB2-B290-462B-AEBD-C801A8B7422E}.Debug|x86.ActiveCfg = Debug|Win32
		{19380FB2-B290-462B-AEBD-C801A8B7422E}.Debug|x86.Build.0 = Debug|Win32
		{19380FB2-B290-462B-AEBD-C801A8B7422E}.Release|x64.ActiveCfg = Release|x64
		{19380FB2-B290-462B-AEBD-C801A8B7422E}.Release|x64.Build.0 = Release|x64
		{19380FB2-B290-462B-AEBD-C801A8B7422E}.Release|x86.ActiveCfg = Release|Win32
		{19380FB2-B290-462B-AEBD-C801A8B7422E}.Release|x86.Build.0 = Release|Win32
		{2E878178-DA97-4D49-BFAC-B8CF39351C28}.Debug|x64.ActiveCfg = Debug|x64
		{2E878178-DA97-4D49-BFAC-B8CF39351C28}.Debug|x64.Build.0 = Debug|x64
		{2E878178-DA97-4D49-BFAC-B8CF39351C28}.Debug|x86.ActiveCfg = Debug|Win32
		{2E878178-DA97-4D49-BFAC-B8CF39351C28}.Debug|x86.Build.0 = Debug|Win32
		{2E878178-DA97-4D49-BFAC-B8CF39351C28}.Release|x64.ActiveCfg = Release|x64
		{2E878178-DA97-4D49-BFAC-B8CF39351C28}.Release|x64.Build.0 = Release|x64
		{2E878178-DA97-4D49-BFAC-B8CF39351C28}.Release|x86.ActiveCfg = Release|Win32
		{2E878178-DA97-4D49-BFAC-B8CF39351C28}.Release|x86.Build.0 = Release|Win32
		{939C4B2C-2F17-46EB-88C2-47363C3EF193}.Debug|x64.ActiveCfg = Debug|x64
		{939C4B2C-2F17-46EB-88C2-47363C3EF193}.Debug|x64.Build.0 = Debug|x64
		{939C4B2C-2F17-46EB-88C2-47363C3EF193}.Debug|x86.ActiveCfg = Debug|Win32
		{939C4B2C-2F17-46EB-88C2-47363C3EF193}.Debug|x86.Build.0 = Debug|Win32
		{939C4B2C-2F17-46EB-88C2-47363C3EF193}.Release|x64.ActiveCfg = Release|x64
		{939C4B2C-2F17-46EB-88C2-47363C3EF193}.Release|x64.Build.0 = Release|x64
		{939C4B2C-2F17-46EB-88C2-47363C3EF193}.Release|x86.ActiveCfg = Release|Win32
		{939C4B2C-2F17-46EB-88C2-47363C3EF193}.Release|x86.Build.0 = Release|Win32
		{8ADDD8DB-BF68-41AA-B890-2508FE77B19F}.Debug|x64.ActiveCfg = Debug|x64
		{8ADDD8DB-BF68-41AA-B890-2508FE77B19F}.Debug|x64.Build.0 = Debug|x64
		{8ADDD8DB-BF68-41AA-B890-2508FE77B19F}.Debug|x86.ActiveCfg = Debug|Win32
		{8ADDD8DB-BF68-41AA-B890-2508FE77B19F}.Debug|x86.Build.0 = Debug|Win32
		{8ADDD8DB-BF68-41AA-B890-2508FE77B19F}.Release|x64.ActiveCfg = Release|x64
		{8ADDD8DB-BF68-41AA-B890-2508FE77B19F}.Release|x64.Build.0 = Release|x64
		{8ADDD8DB-BF68-41AA-B890-2508FE77B19F}.Release|x86.ActiveCfg = Release|Win32
		{8ADDD8DB-BF68-41AA-B890-2508FE77B19F}.Release|x86.Build.0 = Release|Win32
		{E98793FB-BA25-4231-A2CC-0045535BB592}.Debug|x64.ActiveCfg = Debug|x64
		{E98793FB-BA25-4231-A2CC-0045535BB592}.Debug|x64.Build.0 = Debug|x64
		{E98793FB-BA25-4231-A2CC-0045535BB592}.Debug|x86.ActiveCfg = Debug|Win32
		{E98793FB-BA25-4231-A2CC-0045535BB592}.Debug|x86.Build.0 = Debug|Win32
		{E98793FB-BA25-4231-A2CC-0045535BB592}.Release|x64.ActiveCfg = Release|x64
		{E98793FB-BA25-4231-A2CC-0045535BB592}.Release|x64.Build.0 = Release|x64
		{E98793FB-BA25-4231-A2CC-0045535BB592}.Release|x86.ActiveCfg = Release|Win32
		{E98793FB-BA25-4231-A2CC-0045535BB592}.Release|x86.Build.0 = Release|Win32
		{DF842993-18F6-4EA3-900A-7DAB4560715C}.Debug|x64.ActiveCfg = Debug|x64
		{DF842993-18F6-4EA3-900A-7DAB4560715C}.Debug|x64.Build.0 = Debug|x64
		{DF842993-18F6-4EA3-900A-7DAB4560715C}.Debug|x86.ActiveCfg = Debug|Win32
		{DF842993-18F6-4EA3-900A-7DAB4560715C}.Debug|x86.Build.0 = Debug|Win32
		{DF842993-18F6-4EA3-900A-7DAB4560715C}.Release|x64.ActiveCfg = Release|x64
		{DF842993-18F6-4EA3-900A-7DAB4560715C}.Release|x64.Build.0 = Release|x64
		{DF842993-18F6-4EA3-900A-7DAB4560715C}.Release|x86.ActiveCfg = Release|Win32
		{DF842993-18F6-4EA3-900A-7DAB4560715C}.Release|x86.Build.0 = Release|Win32
		{F2AB4755-2E0F-4B2C-8829-1396321789B8}.Debug|x64.ActiveCfg = Debug|x64
		{F2AB4755-2E0F-4B2C-8829-1396321789B8}.Debug|x64.Build.0 = Debug|x64
		{F2AB4755-2E0F-4B2C-8829-1396321789B8}.Debug|x86.ActiveCfg = Debug|Win32
		{F2AB4755-2E0F-4B2C-8829-1396321789B8}.Debug|x86.Build.0 = Debug|Win32
		{F2AB4755-2E0F-4B2C-8829-1396321789B8}.Release|x64.ActiveCfg = Release|x64
		{F2AB4755-2E0F-4B2C-8829-1396321789B8}.Release|x64.Build.0 = Release|x64
		{F2AB4755-2E0F-4B2C-8829-1396321789B8}.Release|x86.ActiveCfg = Release|Win32
		{F2AB4755-2E0F-4B2C-8829-1396321789B8}.Release|x86.Build.0 = Release|Win32
		{9C91F4B2-E83A-4175-851B-D239F1D56B75}.Debug|x64.ActiveCfg = Debug|x64
		{9C91F4B2-E83A-4175-851B-D239F1D56B75}.Debug|x64.Build.0 = Debug|x64
		{9C91F4B2-E83A-4175-851B-D239F1D56B75}.Debug|x86.ActiveCfg = Debug|Win32
		{9C91F4B2-E83A-4175-851B-D239F1D56B75}.Debug|x86.Build.0 = Debug|Win32
		{9C91F4B2-E83A-4175-851B-D239F1D56B75}.Release|x64.ActiveCfg = Release|x64
		{9C91F4B2-E83A-4175-851B-D239F1D56B75}.Release|x64.Build.0 = Release|x64
		{9C91F4B2-E83A-4175-851B-D239F1D56B75}.Release|x86.ActiveCfg = Release|Win32
		{9C91F4B2-E83A-4175-851B-D239F1D56B75}.Release|x86.Build.0 = Release|Win32
		{0F530499-2366-4CB6-81ED-1C2F39F72ACE}.Debug|x64.ActiveCfg = Debug|x64
		{0F530499-2366-4CB6-81ED-1C2F39F72ACE}.Debug|x64.Build.0 = Debug|x64
		{0F530499-2366-4CB6-81ED-1C2F39F72ACE}.Debug|x86.ActiveCfg = Debug|Win32
		{0F530499-2366-4CB6-81ED-1C2F39F72ACE}.Debug|x86.Build.0 = Debug|Win32
		{0F530499-2366-4CB6-81ED-1C2F39F72ACE}.Release|x64.ActiveCfg = Release|x64
		{0F530499-2366-4CB6-81ED-1C2F39F72ACE}.Release|x64.Build.0 = Release|x64
		{0F530499-2366-4CB6-81ED-1C2F39F72ACE}.Release|x86.ActiveCfg = Release|Win32
		{0F530499-2366-4CB6-81ED-1C2F39F72ACE}.Release|x86.Build.0 = Release|Win32
		{9ACD2D15-5D39-4AEE-B153-57A672A89F9E}.Debug|x64.ActiveCfg = Debug|x64
		{9ACD2D15-5D39-4AEE-B153-57A672A89F9E}.Debug|x64.Build.0 = Debug|x64
		{9ACD2D15-5D39-4AEE-B153-57A672A89F9E}.Debug|x86.ActiveCfg = Debug|Win32
		{9ACD2D15-5D39-4AEE-B153-57A672A89F9E}.Debug|x86.Build.0 = Debug|Win32
		{9ACD2D15-5D39-4AEE-B153-57A672A89F9E}.Release|x64.ActiveCfg = Release|x64
		{9ACD2D15-5D39-4AEE-B153-57A672A89F9E}.Release|x64.Build.0 = Release|x64
		{9ACD2D15-5D39-4AEE-B153-57A672A89F9E}.Release|x86.ActiveCfg = Release|Win32
		{9ACD2D15-5D39-4AEE-B153-57A672A89F9E}.Release|x86.Build.0 = Release|Win32
		{FA93A48C-D40A-4241-9A41-EB3CEB9097BD}.Debug|x64.ActiveCfg = Debug|x64
		{FA93A48C-D40A-4241-9A41-EB3CEB9097BD}.Debug|x64.Build.0 = Debug|x64
		{FA93A48C-D40A-4241-9A41-EB3CEB9097BD}.Debug|x86.ActiveCfg = Debug|Win32
		{FA93A48C-D40A-4241-9A41-EB3CEB9097BD}.Debug|x86.Build.0 = Debug|Win32
		{FA93A48C-D40A-4241-9A41-EB3CEB9097BD}.Release|x64.ActiveCfg = Release|x64
		{FA93A48C-D40A-4241-9A41-EB3CEB9097BD}.Release|x64.Build.0 = Release|x64
		{FA93A48C-D40A-4241-9A41-EB3CEB9097BD}.Release|x86.ActiveCfg = Release|Win32
		{FA93A48C-D40A-4241-9A41-EB3CEB9097BD}.Release|x86.Build.0 = Release|Win32
		{566D405D-E940-4892-8F9F-EF27E75274D0}.Debug|x64.ActiveCfg = Debug|x64
		{566D405D-E940-4892-8F9F-EF27E75274D0}.Debug|x64.Build.0 = Debug|x64
		{566D405D-E940-4892-8F9F-EF27E75274D0}.Debug|x86.ActiveCfg = Debug|Win32
		{566D405D-E940-4892-8F9F-EF27E75274D0}.Debug|x86.Build.0 = Debug|Win32
		{566D405D-E940-4892-8F9F-EF27E75274D0}.Release|x64.ActiveCfg = Release|x64
		{566D405D-E940-4892-8F9F-EF27E75274D0}.Release|x64.Build.0 = Release|x64
		{566D405D-E940-4892-8F9F-EF27E75274D0}.Release|x86.ActiveCfg = Release|Win32
		{566D405D-E940-4892-8F9F-EF27E75274D0}.Release|x86.Build.0 = Release|Win32
		{7F728B9B-FDA3-4E62-B131-C79272F32DEA}.Debug|x64.ActiveCfg = Debug|x64
		{7F728B9B-FDA3-4E62-B131-C79272F32DEA}.Debug|x64.Build.0 = Debug|x64
		{7F728B9B-FDA3-4E62-B131-C79272F32DEA}.Debug|x86.ActiveCfg = Debug|Win32
		{7F728B9B-FDA3-4E62-B131-C79272F32DEA}.Debug|x86.Build.0 = Debug|Win32
		{7F728B9B-FDA3-4E62-B131-C79272F32DEA}.Release|x64.ActiveCfg = Release|x64
		{7F728B9B-FDA3-4E62-B131-C79272F32DEA}.Release|x64.Build.0 = Release|x64
		{7F728B9B-FDA3-4E62-B131-C79272F32DEA}.Release|x86.ActiveCfg = Release|Win32
		{7F728B9B-FDA3-4E62-B131-C79272F32DEA}.Release|x86.Build.0 = Release|Win32
		{71FD8414-CEB4-4811-9A21-F1F641A83560}.Debug|x64.ActiveCfg = Debug|x64
		{71FD8414-CEB4-4811-9A21-F1F641A83560}.Debug|x64.Build.0 = Debug|x64
		{71FD8414-CEB4-4811-9A21-F1F641A83560}.Debug|x86.ActiveCfg = Debug|Win32
		{71FD8414-CEB4-4811-9A21-F1F641A83560}.Debug|x86.Build.0 = Debug|Win32
		{71FD8414-CEB4-4811-9A21-F1F641A83560}.Release|x64.ActiveCfg = Release|x64
		{71FD8414-CEB4-4811-9A21-F1F641A83560}.Release|x64.Build.0 = Release|x64
		{71FD8414-CEB4-4811-9A21-F1F641A83560}.Release|x86.ActiveCfg = Release|Win32
		{71FD8414-CEB4-4811-9A21-F1F641A83560}.Release|x86.Build.0 = Release|Win32
		{82188B8C-ABF6-4971-AEFC-C3AA6AF139DB}.Debug|x64.ActiveCfg = Debug|x64
		{82188B8C-ABF6-4971-AEFC-C3AA6AF139DB}.Debug|x64.Build.0 = Debug|x64
		{82188B8C-ABF6-4971-AEFC-C3AA6AF139DB}.Debug|x86.ActiveCfg = Debug|Win32
		{82188B8C-ABF6-4971-AEFC-C3AA6AF139DB}.Debug|x86.Build.0 = Debug|Win32
		{82188B8C-ABF6-4971-AEFC-C3AA6AF139DB}.Release|x64.ActiveCfg = Release|x64
		{82188B8C-ABF6-4971-AEFC-C3AA6AF139DB}.Release|x64.Build.0 = Release|x64
		{82188B8C-ABF6-4971-AEFC-C3AA6AF139DB}.Release|x86.ActiveCfg = Release|Win32
		{82188B8C-ABF6-4971-AEFC-C3AA6AF139DB}.Release|x86.Build.0 = Release|Win32
		{B02B681F-69A4-4015-98B5-2B8AD602DB70}.Debug|x64.ActiveCfg = Debug|x64
		{B02B681F-69A4-4015-98B5-2B8AD602DB70}.Debug|x64.Build.0 = Debug|x64
		{B02B681F-69A4-4015-98B5-2B8AD602DB70}.Debug|x86.ActiveCfg = Debug|Win32
		{B02B681F-69A4-4015-98B5-2B8AD602DB70}.Debug|x86.Build.0 = Debug|Win32
		{B02B681F-69A4-4015-98B5-2B8AD602DB70}.Release|x64.ActiveCfg = Release|x64
		{B02B681F-69A4-4015-98B5-2B8AD602DB70}.Release|x64.Build.0 = Release|x64
		{B02B681F-69A4-4015-98B5-2B8AD602DB70}.Release|x86.ActiveCfg = Release|Win32
		{B02B681F-69A4-4015-98B5-2B8AD602DB70}.Release|x86.Build.0 = Release|Win32
		{681210E0-4853-44E2-A421-369047D42F91}.Debug|x64.ActiveCfg = Debug|x64
		{681210E0-4853-44E2-A421-369047D42F91}.Debug|x64.Build.0 = Debug|x64
		{681210E0-4853-44E2-A421-369047D42F91}.Debug|x86.ActiveCfg = Debug|Win32
		{681210E0-4853-44E2-A421-369047D42F91}.Debug|x86.Build.0 = Debug|Win32
		{681210E0-4853-44E2-A421-369047D42F91}.Release|x64.ActiveCfg = Release|x64
		{681210E0-4853-44E2-A421-369047D42F91}.Release|x64.Build.0 = Release|x64
		{681210E0-4853-44E2-A421-369047D42F91}.Release|x86.ActiveCfg = Release|Win32
		{681210E0-4853-44E2-A421-369047D42F91}.Release|x86.Build.0 = Release|Win32
	EndGlobalSection
	GlobalSection(SolutionProperties) = preSolution
		HideSolutionNode = FALSE
	EndGlobalSection
EndGlobal
